
Microsoft Visual Studio Solution File, Format Version 12.00
# Visual Studio Version 16
VisualStudioVersion = 16.0.29215.179
MinimumVisualStudioVersion = 10.0.40219.1
Project("{FAE04EC0-301F-11D3-BF4B-00C04F79EFBC}") = "GuessingGame", "GuessingGame\GuessingGame.csproj", "{7F4B31D9-67E3-4D78-8ED1-B0862D7DEA0C}"
EndProject
Global
	GlobalSection(SolutionConfigurationPlatforms) = preSolution
		Debug|Any CPU = Debug|Any CPU
		Release|Any CPU = Release|Any CPU
	EndGlobalSection
	GlobalSection(ProjectConfigurationPlatforms) = postSolution
		{7F4B31D9-67E3-4D78-8ED1-B0862D7DEA0C}.Debug|Any CPU.ActiveCfg = Debug|Any CPU
		{7F4B31D9-67E3-4D78-8ED1-B0862D7DEA0C}.Debug|Any CPU.Build.0 = Debug|Any CPU
		{7F4B31D9-67E3-4D78-8ED1-B0862D7DEA0C}.Release|Any CPU.ActiveCfg = Release|Any CPU
		{7F4B31D9-67E3-4D78-8ED1-B0862D7DEA0C}.Release|Any CPU.Build.0 = Release|Any CPU
	EndGlobalSection
	GlobalSection(SolutionProperties) = preSolution
		HideSolutionNode = FALSE
	EndGlobalSection
	GlobalSection(ExtensibilityGlobals) = postSolution
		SolutionGuid = {59B2EFA0-AD90-4C03-B870-EDBF2FEBEE3D}
	EndGlobalSection
EndGlobal
